
Microsoft Visual Studio Solution File, Format Version 12.00
# Visual Studio 15
Project("{FAE04EC0-301F-11D3-BF4B-00C04F79EFBC}") = "UniRx", "UniRx.csproj", "{05924E98-4EB6-4090-19EF-3D842E5D758D}"
EndProject
Project("{FAE04EC0-301F-11D3-BF4B-00C04F79EFBC}") = "Assembly-CSharp", "Assembly-CSharp.csproj", "{498C13FC-3C4C-0C08-0E48-01DDCE67FB75}"
EndProject
Global
	GlobalSection(SolutionConfigurationPlatforms) = preSolution
		Debug|Any CPU = Debug|Any CPU
		Release|Any CPU = Release|Any CPU
	EndGlobalSection
	GlobalSection(ProjectConfigurationPlatforms) = postSolution
		{05924E98-4EB6-4090-19EF-3D842E5D758D}.Debug|Any CPU.ActiveCfg = Debug|Any CPU
		{05924E98-4EB6-4090-19EF-3D842E5D758D}.Debug|Any CPU.Build.0 = Debug|Any CPU
		{05924E98-4EB6-4090-19EF-3D842E5D758D}.Release|Any CPU.ActiveCfg = Release|Any CPU
		{05924E98-4EB6-4090-19EF-3D842E5D758D}.Release|Any CPU.Build.0 = Release|Any CPU
		{498C13FC-3C4C-0C08-0E48-01DDCE67FB75}.Debug|Any CPU.ActiveCfg = Debug|Any CPU
		{498C13FC-3C4C-0C08-0E48-01DDCE67FB75}.Debug|Any CPU.Build.0 = Debug|Any CPU
		{498C13FC-3C4C-0C08-0E48-01DDCE67FB75}.Release|Any CPU.ActiveCfg = Release|Any CPU
		{498C13FC-3C4C-0C08-0E48-01DDCE67FB75}.Release|Any CPU.Build.0 = Release|Any CPU
	EndGlobalSection
	GlobalSection(SolutionProperties) = preSolution
		HideSolutionNode = FALSE
	EndGlobalSection
EndGlobal
